{
  "name": "web-app",
  "lockfileVersion": 3,
  "requires": true,
  "packages": {
    "": {
      "dependencies": {
        "install": "^0.13.0",
        "web-app": "file:.."
      }
    },
    "..": {
      "version": "0.0.0",
      "dependencies": {
        "@emotion/react": "^11.14.0",
        "@emotion/styled": "^11.14.1",
        "@mui/material": "^7.3.1",
        "@mui/x-data-grid": "^8.10.2",
        "axios": "^1.11.0",
        "clsx": "^2.1.1",
        "dayjs": "^1.11.13",
        "firebase": "^12.1.0",
        "react": "^19.1.1",
        "react-dom": "^19.1.1",
        "react-firebase-hooks": "^5.1.1",
        "react-icons": "^5.5.0",
        "react-modal": "^3.16.3",
        "react-router-dom": "^7.8.0",
        "recharts": "^3.2.1",
        "sonner": "^2.0.7",
        "zod": "^4.0.17",
        "zustand": "^5.0.7"
      },
      "devDependencies": {
        "@eslint/js": "^9.33.0",
        "@hookform/resolvers": "^5.2.1",
        "@types/react": "^19.1.10",
        "@types/react-dom": "^19.1.7",
        "@vitejs/plugin-react": "^5.0.0",
        "autoprefixer": "^10.4.21",
        "eslint": "^9.33.0",
        "eslint-plugin-react-hooks": "^5.2.0",
        "eslint-plugin-react-refresh": "^0.4.20",
        "expo-module-scripts": "^5.0.7",
        "globals": "^16.3.0",
        "postcss": "^8.5.6",
        "tailwindcss": "^3.4.17",
        "vite": "^7.1.2"
      }
    },
    "node_modules/install": {
      "version": "0.13.0",
      "resolved": "https://registry.npmjs.org/install/-/install-0.13.0.tgz",
      "integrity": "sha512-zDml/jzr2PKU9I8J/xyZBQn8rPCAY//UOYNmR01XwNwyfhEWObo2SWfSl1+0tm1u6PhxLwDnfsT/6jB7OUxqFA==",
      "license": "MIT",
      "engines": {
        "node": ">= 0.10"
      }
    },
    "node_modules/web-app": {
      "resolved": "..",
      "link": true
    }
  }
}
